<Solution>
  <Folder Name="/src/">
    <Project Path="src/FloridaV.Launcher/FloridaV.Launcher.csproj" />
    <Project Path="src/FloVMP.Connect/FloVMP.Connect.csproj" />
    <Project Path="src/FloVMP.Launcher.Core/FloVMP.Launcher.Core.csproj" />
    <Project Path="src/FloVMP.Launcher.Native/FloVMP.Launcher.Native.csproj" />
    <Project Path="src/FloVMP.Launcher/FloVMP.Launcher.csproj" />
  </Folder>
  <Folder Name="/tests/">
    <Project Path="tests/FloVMP.Launcher.Tests/FloVMP.Launcher.Tests.csproj" />
  </Folder>
</Solution>
